{
  "name": "quick-start_onnxruntime-node",
  "version": "1.0.0",
  "lockfileVersion": 2,
  "requires": true,
  "packages": {
    "": {
      "name": "quick-start_onnxruntime-node",
      "version": "1.0.0",
      "dependencies": {
        "onnxruntime-node": "^1.8.0"
      }
    },
    "node_modules/onnxruntime-common": {
      "version": "1.10.0",
      "resolved": "https://registry.npmjs.org/onnxruntime-common/-/onnxruntime-common-1.10.0.tgz",
      "integrity": "sha512-nZDfMnnD1c5Q7iXu743Mjz10Fuct0hLZmRP848pyQhSoOrof44Z2KknBBTo9Y26zVQgZkzRmQAIRYqfhefBzgQ=="
    },
    "node_modules/onnxruntime-node": {
      "version": "1.10.0",
      "resolved": "https://registry.npmjs.org/onnxruntime-node/-/onnxruntime-node-1.10.0.tgz",
      "integrity": "sha512-X9bSZ6LX0+1AA5aPWNd/61ssyg4xhcea07IYJJSmmArUJgWZBN//UBte4/Nz8i98nxtzf3v5qBmLI0ofaLv0wA==",
      "os": [
        "win32",
        "darwin",
        "linux"
      ],
      "dependencies": {
        "onnxruntime-common": "~1.10.0"
      }
    }
  },
  "dependencies": {
    "onnxruntime-common": {
      "version": "1.10.0",
      "resolved": "https://registry.npmjs.org/onnxruntime-common/-/onnxruntime-common-1.10.0.tgz",
      "integrity": "sha512-nZDfMnnD1c5Q7iXu743Mjz10Fuct0hLZmRP848pyQhSoOrof44Z2KknBBTo9Y26zVQgZkzRmQAIRYqfhefBzgQ=="
    },
    "onnxruntime-node": {
      "version": "1.10.0",
      "resolved": "https://registry.npmjs.org/onnxruntime-node/-/onnxruntime-node-1.10.0.tgz",
      "integrity": "sha512-X9bSZ6LX0+1AA5aPWNd/61ssyg4xhcea07IYJJSmmArUJgWZBN//UBte4/Nz8i98nxtzf3v5qBmLI0ofaLv0wA==",
      "requires": {
        "onnxruntime-common": "~1.10.0"
      }
    }
  }
}
